{
  "name": "apl-custom-fonts",
  "version": "1.0.0",
  "lockfileVersion": 2,
  "requires": true,
  "packages": {
    "": {
      "version": "1.0.0",
      "license": "ISC",
      "dependencies": {
        "pluralize": "^8.0.0",
        "svgpath": "^2.3.1",
        "text-to-svg": "^3.1.5"
      },
      "devDependencies": {
        "@types/node": "^16.3.3",
        "@types/pluralize": "^0.0.29",
        "typescript": "^4.3.5"
      }
    },
    "node_modules/@types/node": {
      "version": "16.3.3",
      "resolved": "https://registry.npmjs.org/@types/node/-/node-16.3.3.tgz",
      "integrity": "sha512-8h7k1YgQKxKXWckzFCMfsIwn0Y61UK6tlD6y2lOb3hTOIMlK3t9/QwHOhc81TwU+RMf0As5fj7NPjroERCnejQ==",
      "dev": true
    },
    "node_modules/@types/pluralize": {
      "version": "0.0.29",
      "resolved": "https://registry.npmjs.org/@types/pluralize/-/pluralize-0.0.29.tgz",
      "integrity": "sha512-BYOID+l2Aco2nBik+iYS4SZX0Lf20KPILP5RGmM1IgzdwNdTs0eebiFriOPcej1sX9mLnSoiNte5zcFxssgpGA==",
      "dev": true
    },
    "node_modules/commander": {
      "version": "2.20.3",
      "resolved": "https://registry.npmjs.org/commander/-/commander-2.20.3.tgz",
      "integrity": "sha512-GpVkmM8vF2vQUkj2LvZmD35JxeJOLCwJ9cUkugyk2nuhbv3+mJvpLYYt+0+USMxE+oj+ey/lJEnhZw75x/OMcQ=="
    },
    "node_modules/opentype.js": {
      "version": "0.11.0",
      "resolved": "https://registry.npmjs.org/opentype.js/-/opentype.js-0.11.0.tgz",
      "integrity": "sha512-Z9NkAyQi/iEKQYzCSa7/VJSqVIs33wknw8Z8po+DzuRUAqivJ+hJZ94mveg3xIeKwLreJdWTMyEO7x1K13l41Q==",
      "dependencies": {
        "string.prototype.codepointat": "^0.2.1",
        "tiny-inflate": "^1.0.2"
      },
      "bin": {
        "ot": "bin/ot"
      }
    },
    "node_modules/pluralize": {
      "version": "8.0.0",
      "resolved": "https://registry.npmjs.org/pluralize/-/pluralize-8.0.0.tgz",
      "integrity": "sha512-Nc3IT5yHzflTfbjgqWcCPpo7DaKy4FnpB0l/zCAW0Tc7jxAiuqSxHasntB3D7887LSrA93kDJ9IXovxJYxyLCA==",
      "engines": {
        "node": ">=4"
      }
    },
    "node_modules/string.prototype.codepointat": {
      "version": "0.2.1",
      "resolved": "https://registry.npmjs.org/string.prototype.codepointat/-/string.prototype.codepointat-0.2.1.tgz",
      "integrity": "sha512-2cBVCj6I4IOvEnjgO/hWqXjqBGsY+zwPmHl12Srk9IXSZ56Jwwmy+66XO5Iut/oQVR7t5ihYdLB0GMa4alEUcg=="
    },
    "node_modules/svgpath": {
      "version": "2.3.1",
      "resolved": "https://registry.npmjs.org/svgpath/-/svgpath-2.3.1.tgz",
      "integrity": "sha512-wNz6lCoj+99GMoyU7SozTfPqiLHz6WcJYZ30Z+F4lF/gPtxWHBCpZ4DhoDI0+oZ0dObKyYsJdSPGbL2mJq/qCg=="
    },
    "node_modules/text-to-svg": {
      "version": "3.1.5",
      "resolved": "https://registry.npmjs.org/text-to-svg/-/text-to-svg-3.1.5.tgz",
      "integrity": "sha512-mbeGhMz9MAFaGaZGE8n4Mh/iQV/UkVnYJXhXFrv0eWkcNTgflhpHR2a8nr2ci3NU4FekIHJYKh0N0qdc6yUpfA==",
      "dependencies": {
        "commander": "^2.11.0",
        "opentype.js": "0.11.0"
      },
      "bin": {
        "text-to-svg": "bin/text-to-svg"
      }
    },
    "node_modules/tiny-inflate": {
      "version": "1.0.3",
      "resolved": "https://registry.npmjs.org/tiny-inflate/-/tiny-inflate-1.0.3.tgz",
      "integrity": "sha512-pkY1fj1cKHb2seWDy0B16HeWyczlJA9/WW3u3c4z/NiWDsO3DOU5D7nhTLE9CF0yXv/QZFY7sEJmj24dK+Rrqw=="
    },
    "node_modules/typescript": {
      "version": "4.3.5",
      "resolved": "https://registry.npmjs.org/typescript/-/typescript-4.3.5.tgz",
      "integrity": "sha512-DqQgihaQ9cUrskJo9kIyW/+g0Vxsk8cDtZ52a3NGh0YNTfpUSArXSohyUGnvbPazEPLu398C0UxmKSOrPumUzA==",
      "dev": true,
      "bin": {
        "tsc": "bin/tsc",
        "tsserver": "bin/tsserver"
      },
      "engines": {
        "node": ">=4.2.0"
      }
    }
  },
  "dependencies": {
    "@types/node": {
      "version": "16.3.3",
      "resolved": "https://registry.npmjs.org/@types/node/-/node-16.3.3.tgz",
      "integrity": "sha512-8h7k1YgQKxKXWckzFCMfsIwn0Y61UK6tlD6y2lOb3hTOIMlK3t9/QwHOhc81TwU+RMf0As5fj7NPjroERCnejQ==",
      "dev": true
    },
    "@types/pluralize": {
      "version": "0.0.29",
      "resolved": "https://registry.npmjs.org/@types/pluralize/-/pluralize-0.0.29.tgz",
      "integrity": "sha512-BYOID+l2Aco2nBik+iYS4SZX0Lf20KPILP5RGmM1IgzdwNdTs0eebiFriOPcej1sX9mLnSoiNte5zcFxssgpGA==",
      "dev": true
    },
    "commander": {
      "version": "2.20.3",
      "resolved": "https://registry.npmjs.org/commander/-/commander-2.20.3.tgz",
      "integrity": "sha512-GpVkmM8vF2vQUkj2LvZmD35JxeJOLCwJ9cUkugyk2nuhbv3+mJvpLYYt+0+USMxE+oj+ey/lJEnhZw75x/OMcQ=="
    },
    "opentype.js": {
      "version": "0.11.0",
      "resolved": "https://registry.npmjs.org/opentype.js/-/opentype.js-0.11.0.tgz",
      "integrity": "sha512-Z9NkAyQi/iEKQYzCSa7/VJSqVIs33wknw8Z8po+DzuRUAqivJ+hJZ94mveg3xIeKwLreJdWTMyEO7x1K13l41Q==",
      "requires": {
        "string.prototype.codepointat": "^0.2.1",
        "tiny-inflate": "^1.0.2"
      }
    },
    "pluralize": {
      "version": "8.0.0",
      "resolved": "https://registry.npmjs.org/pluralize/-/pluralize-8.0.0.tgz",
      "integrity": "sha512-Nc3IT5yHzflTfbjgqWcCPpo7DaKy4FnpB0l/zCAW0Tc7jxAiuqSxHasntB3D7887LSrA93kDJ9IXovxJYxyLCA=="
    },
    "string.prototype.codepointat": {
      "version": "0.2.1",
      "resolved": "https://registry.npmjs.org/string.prototype.codepointat/-/string.prototype.codepointat-0.2.1.tgz",
      "integrity": "sha512-2cBVCj6I4IOvEnjgO/hWqXjqBGsY+zwPmHl12Srk9IXSZ56Jwwmy+66XO5Iut/oQVR7t5ihYdLB0GMa4alEUcg=="
    },
    "svgpath": {
      "version": "2.3.1",
      "resolved": "https://registry.npmjs.org/svgpath/-/svgpath-2.3.1.tgz",
      "integrity": "sha512-wNz6lCoj+99GMoyU7SozTfPqiLHz6WcJYZ30Z+F4lF/gPtxWHBCpZ4DhoDI0+oZ0dObKyYsJdSPGbL2mJq/qCg=="
    },
    "text-to-svg": {
      "version": "3.1.5",
      "resolved": "https://registry.npmjs.org/text-to-svg/-/text-to-svg-3.1.5.tgz",
      "integrity": "sha512-mbeGhMz9MAFaGaZGE8n4Mh/iQV/UkVnYJXhXFrv0eWkcNTgflhpHR2a8nr2ci3NU4FekIHJYKh0N0qdc6yUpfA==",
      "requires": {
        "commander": "^2.11.0",
        "opentype.js": "0.11.0"
      }
    },
    "tiny-inflate": {
      "version": "1.0.3",
      "resolved": "https://registry.npmjs.org/tiny-inflate/-/tiny-inflate-1.0.3.tgz",
      "integrity": "sha512-pkY1fj1cKHb2seWDy0B16HeWyczlJA9/WW3u3c4z/NiWDsO3DOU5D7nhTLE9CF0yXv/QZFY7sEJmj24dK+Rrqw=="
    },
    "typescript": {
      "version": "4.3.5",
      "resolved": "https://registry.npmjs.org/typescript/-/typescript-4.3.5.tgz",
      "integrity": "sha512-DqQgihaQ9cUrskJo9kIyW/+g0Vxsk8cDtZ52a3NGh0YNTfpUSArXSohyUGnvbPazEPLu398C0UxmKSOrPumUzA==",
      "dev": true
    }
  }
}
